
Microsoft Visual Studio Solution File, Format Version 12.00
# Visual Studio Version 17
VisualStudioVersion = 17.7.34221.43
MinimumVisualStudioVersion = 10.0.40219.1
Project("{8BC9CEB8-8B4A-11D0-8D11-00A0C91BC942}") = "matrix", "mtarix.vcxproj", "{CFC4C1BD-5167-4338-9B86-55EEDD88FD49}"
EndProject
Project("{8BC9CEB8-8B4A-11D0-8D11-00A0C91BC942}") = "demo", "..\demo\demo.vcxproj", "{91BF6436-05B1-424C-8319-92071B444641}"
EndProject
Project("{8BC9CEB8-8B4A-11D0-8D11-00A0C91BC942}") = "MatrixTest", "..\MatrixTest\MatrixTest.vcxproj", "{5944BC5C-3E4A-4AEB-ACD8-0FE806558D7C}"
EndProject
Global
	GlobalSection(SolutionConfigurationPlatforms) = preSolution
		Debug|x64 = Debug|x64
		Debug|x86 = Debug|x86
		Release|x64 = Release|x64
		Release|x86 = Release|x86
	EndGlobalSection
	GlobalSection(ProjectConfigurationPlatforms) = postSolution
		{CFC4C1BD-5167-4338-9B86-55EEDD88FD49}.Debug|x64.ActiveCfg = Debug|x64
		{CFC4C1BD-5167-4338-9B86-55EEDD88FD49}.Debug|x64.Build.0 = Debug|x64
		{CFC4C1BD-5167-4338-9B86-55EEDD88FD49}.Debug|x86.ActiveCfg = Debug|Win32
		{CFC4C1BD-5167-4338-9B86-55EEDD88FD49}.Debug|x86.Build.0 = Debug|Win32
		{CFC4C1BD-5167-4338-9B86-55EEDD88FD49}.Release|x64.ActiveCfg = Release|x64
		{CFC4C1BD-5167-4338-9B86-55EEDD88FD49}.Release|x64.Build.0 = Release|x64
		{CFC4C1BD-5167-4338-9B86-55EEDD88FD49}.Release|x86.ActiveCfg = Release|Win32
		{CFC4C1BD-5167-4338-9B86-55EEDD88FD49}.Release|x86.Build.0 = Release|Win32
		{91BF6436-05B1-424C-8319-92071B444641}.Debug|x64.ActiveCfg = Debug|x64
		{91BF6436-05B1-424C-8319-92071B444641}.Debug|x64.Build.0 = Debug|x64
		{91BF6436-05B1-424C-8319-92071B444641}.Debug|x86.ActiveCfg = Debug|Win32
		{91BF6436-05B1-424C-8319-92071B444641}.Debug|x86.Build.0 = Debug|Win32
		{91BF6436-05B1-424C-8319-92071B444641}.Release|x64.ActiveCfg = Release|x64
		{91BF6436-05B1-424C-8319-92071B444641}.Release|x64.Build.0 = Release|x64
		{91BF6436-05B1-424C-8319-92071B444641}.Release|x86.ActiveCfg = Release|Win32
		{91BF6436-05B1-424C-8319-92071B444641}.Release|x86.Build.0 = Release|Win32
		{5944BC5C-3E4A-4AEB-ACD8-0FE806558D7C}.Debug|x64.ActiveCfg = Debug|x64
		{5944BC5C-3E4A-4AEB-ACD8-0FE806558D7C}.Debug|x64.Build.0 = Debug|x64
		{5944BC5C-3E4A-4AEB-ACD8-0FE806558D7C}.Debug|x86.ActiveCfg = Debug|Win32
		{5944BC5C-3E4A-4AEB-ACD8-0FE806558D7C}.Debug|x86.Build.0 = Debug|Win32
		{5944BC5C-3E4A-4AEB-ACD8-0FE806558D7C}.Release|x64.ActiveCfg = Release|x64
		{5944BC5C-3E4A-4AEB-ACD8-0FE806558D7C}.Release|x64.Build.0 = Release|x64
		{5944BC5C-3E4A-4AEB-ACD8-0FE806558D7C}.Release|x86.ActiveCfg = Release|Win32
		{5944BC5C-3E4A-4AEB-ACD8-0FE806558D7C}.Release|x86.Build.0 = Release|Win32
	EndGlobalSection
	GlobalSection(SolutionProperties) = preSolution
		HideSolutionNode = FALSE
	EndGlobalSection
	GlobalSection(ExtensibilityGlobals) = postSolution
		SolutionGuid = {5CA5B864-6781-4ACE-9429-DCF0B9B4511D}
	EndGlobalSection
EndGlobal
